
Microsoft Visual Studio Solution File, Format Version 11.00
# Visual Studio 2010
Project("{FAE04EC0-301F-11D3-BF4B-00C04F79EFBC}") = "Duck Shooter", "Assembly-CSharp.csproj", "{C7CA9059-DB05-0957-52A8-F326A4B6D138}"
EndProject
Global
	GlobalSection(SolutionConfigurationPlatforms) = preSolution
		Debug|Any CPU = Debug|Any CPU
		Release|Any CPU = Release|Any CPU
	EndGlobalSection
	GlobalSection(ProjectConfigurationPlatforms) = postSolution
		{C7CA9059-DB05-0957-52A8-F326A4B6D138}.Debug|Any CPU.ActiveCfg = Debug|Any CPU
		{C7CA9059-DB05-0957-52A8-F326A4B6D138}.Debug|Any CPU.Build.0 = Debug|Any CPU
		{C7CA9059-DB05-0957-52A8-F326A4B6D138}.Release|Any CPU.ActiveCfg = Release|Any CPU
		{C7CA9059-DB05-0957-52A8-F326A4B6D138}.Release|Any CPU.Build.0 = Release|Any CPU
	EndGlobalSection
	GlobalSection(SolutionProperties) = preSolution
		HideSolutionNode = FALSE
	EndGlobalSection
	GlobalSection(MonoDevelopProperties) = preSolution
		StartupItem = Assembly-CSharp.csproj
	EndGlobalSection
EndGlobal
